
Microsoft Visual Studio Solution File, Format Version 12.00
# Visual Studio 15
VisualStudioVersion = 15.0.28307.168
MinimumVisualStudioVersion = 10.0.40219.1
Project("{FAE04EC0-301F-11D3-BF4B-00C04F79EFBC}") = "OrderStockSystem", "OrderSystem\OrderStockSystem.csproj", "{DE14E227-570E-46F5-A05D-C94B7ED98E49}"
EndProject
Global
	GlobalSection(SolutionConfigurationPlatforms) = preSolution
		Debug|Any CPU = Debug|Any CPU
		Release|Any CPU = Release|Any CPU
	EndGlobalSection
	GlobalSection(ProjectConfigurationPlatforms) = postSolution
		{DE14E227-570E-46F5-A05D-C94B7ED98E49}.Debug|Any CPU.ActiveCfg = Debug|Any CPU
		{DE14E227-570E-46F5-A05D-C94B7ED98E49}.Debug|Any CPU.Build.0 = Debug|Any CPU
		{DE14E227-570E-46F5-A05D-C94B7ED98E49}.Release|Any CPU.ActiveCfg = Release|Any CPU
		{DE14E227-570E-46F5-A05D-C94B7ED98E49}.Release|Any CPU.Build.0 = Release|Any CPU
	EndGlobalSection
	GlobalSection(SolutionProperties) = preSolution
		HideSolutionNode = FALSE
	EndGlobalSection
	GlobalSection(ExtensibilityGlobals) = postSolution
		SolutionGuid = {925D9E47-30B0-4B8C-BF18-260AA11F3FB5}
	EndGlobalSection
EndGlobal
